
Microsoft Visual Studio Solution File, Format Version 12.00
# Visual Studio Express 14 for Windows Desktop
VisualStudioVersion = 14.0.25420.1
MinimumVisualStudioVersion = 10.0.40219.1
Project("{FAE04EC0-301F-11D3-BF4B-00C04F79EFBC}") = "Furious V2 NEW", "Furious V2 NEW\Furious V2 NEW.csproj", "{3B7F04E9-7593-4D05-8AD3-3A9F955AB73E}"
EndProject
Global
	GlobalSection(SolutionConfigurationPlatforms) = preSolution
		Debug|Any CPU = Debug|Any CPU
		Release|Any CPU = Release|Any CPU
	EndGlobalSection
	GlobalSection(ProjectConfigurationPlatforms) = postSolution
		{3B7F04E9-7593-4D05-8AD3-3A9F955AB73E}.Debug|Any CPU.ActiveCfg = Debug|Any CPU
		{3B7F04E9-7593-4D05-8AD3-3A9F955AB73E}.Debug|Any CPU.Build.0 = Debug|Any CPU
		{3B7F04E9-7593-4D05-8AD3-3A9F955AB73E}.Release|Any CPU.ActiveCfg = Release|Any CPU
		{3B7F04E9-7593-4D05-8AD3-3A9F955AB73E}.Release|Any CPU.Build.0 = Release|Any CPU
	EndGlobalSection
	GlobalSection(SolutionProperties) = preSolution
		HideSolutionNode = FALSE
	EndGlobalSection
EndGlobal
