
Microsoft Visual Studio Solution File, Format Version 12.00
# Visual Studio Version 17
VisualStudioVersion = 17.10.35027.167
MinimumVisualStudioVersion = 10.0.40219.1
Project("{9A19103F-16F7-4668-BE54-9A1E7A4F7556}") = "FuriousXbox", "FuriousXbox\FuriousXbox.csproj", "{DBD02D89-3BC3-4C36-8AB5-B5EFDCCB2945}"
EndProject
Project("{8BC9CEB8-8B4A-11D0-8D11-00A0C91BC942}") = "iw4_mp", "FuriousXex\iw4_mp\iw4_mp.vcxproj", "{ACFEB927-8BE5-44C4-919E-B87DFF2D0577}"
EndProject
Global
	GlobalSection(SolutionConfigurationPlatforms) = preSolution
		BuildAndInjectXex|Any CPU = BuildAndInjectXex|Any CPU
		BuildAndInjectXex|Xbox 360 = BuildAndInjectXex|Xbox 360
		BuildXex|Any CPU = BuildXex|Any CPU
		BuildXex|Xbox 360 = BuildXex|Xbox 360
		FuriousXboxRTM|Any CPU = FuriousXboxRTM|Any CPU
		FuriousXboxRTM|Xbox 360 = FuriousXboxRTM|Xbox 360
	EndGlobalSection
	GlobalSection(ProjectConfigurationPlatforms) = postSolution
		{DBD02D89-3BC3-4C36-8AB5-B5EFDCCB2945}.BuildAndInjectXex|Any CPU.ActiveCfg = Release|Any CPU
		{DBD02D89-3BC3-4C36-8AB5-B5EFDCCB2945}.BuildAndInjectXex|Xbox 360.ActiveCfg = Release|Any CPU
		{DBD02D89-3BC3-4C36-8AB5-B5EFDCCB2945}.BuildXex|Any CPU.ActiveCfg = Release|Any CPU
		{DBD02D89-3BC3-4C36-8AB5-B5EFDCCB2945}.BuildXex|Xbox 360.ActiveCfg = Release|Any CPU
		{DBD02D89-3BC3-4C36-8AB5-B5EFDCCB2945}.BuildXex|Xbox 360.Build.0 = Release|Any CPU
		{DBD02D89-3BC3-4C36-8AB5-B5EFDCCB2945}.FuriousXboxRTM|Any CPU.ActiveCfg = Debug|Any CPU
		{DBD02D89-3BC3-4C36-8AB5-B5EFDCCB2945}.FuriousXboxRTM|Any CPU.Build.0 = Debug|Any CPU
		{DBD02D89-3BC3-4C36-8AB5-B5EFDCCB2945}.FuriousXboxRTM|Xbox 360.ActiveCfg = Debug|Any CPU
		{DBD02D89-3BC3-4C36-8AB5-B5EFDCCB2945}.FuriousXboxRTM|Xbox 360.Build.0 = Debug|Any CPU
		{ACFEB927-8BE5-44C4-919E-B87DFF2D0577}.BuildAndInjectXex|Any CPU.ActiveCfg = BuildAndInjectXex|Xbox 360
		{ACFEB927-8BE5-44C4-919E-B87DFF2D0577}.BuildAndInjectXex|Any CPU.Build.0 = BuildAndInjectXex|Xbox 360
		{ACFEB927-8BE5-44C4-919E-B87DFF2D0577}.BuildAndInjectXex|Xbox 360.ActiveCfg = BuildAndInjectXex|Xbox 360
		{ACFEB927-8BE5-44C4-919E-B87DFF2D0577}.BuildAndInjectXex|Xbox 360.Build.0 = BuildAndInjectXex|Xbox 360
		{ACFEB927-8BE5-44C4-919E-B87DFF2D0577}.BuildXex|Any CPU.ActiveCfg = Release_LTCG|Xbox 360
		{ACFEB927-8BE5-44C4-919E-B87DFF2D0577}.BuildXex|Any CPU.Build.0 = Release_LTCG|Xbox 360
		{ACFEB927-8BE5-44C4-919E-B87DFF2D0577}.BuildXex|Xbox 360.ActiveCfg = Release_LTCG|Xbox 360
		{ACFEB927-8BE5-44C4-919E-B87DFF2D0577}.BuildXex|Xbox 360.Build.0 = Release_LTCG|Xbox 360
		{ACFEB927-8BE5-44C4-919E-B87DFF2D0577}.FuriousXboxRTM|Any CPU.ActiveCfg = BuildAndInjectXex|Xbox 360
		{ACFEB927-8BE5-44C4-919E-B87DFF2D0577}.FuriousXboxRTM|Xbox 360.ActiveCfg = Debug|Xbox 360
	EndGlobalSection
	GlobalSection(SolutionProperties) = preSolution
		HideSolutionNode = FALSE
	EndGlobalSection
	GlobalSection(ExtensibilityGlobals) = postSolution
		SolutionGuid = {F477FC17-ACA5-4A81-A6AD-FAFDC5055763}
	EndGlobalSection
EndGlobal
