<?xml version="1.0" encoding="utf-8"?>
<Project ToolsVersion="4.0" xmlns="http://schemas.microsoft.com/developer/msbuild/2003">
  <ItemGroup>
    <Filter Include="Source Files">
      <UniqueIdentifier>{4FC737F1-C7A5-4376-A066-2A32D752A2FF}</UniqueIdentifier>
      <Extensions>cpp;c;cxx;def;odl;idl;hpj;bat;asm;asmx</Extensions>
    </Filter>
    <Filter Include="Source Files\Game">
      <UniqueIdentifier>{7c50639b-8e59-4171-809d-220c5efb9c7f}</UniqueIdentifier>
    </Filter>
    <Filter Include="Source Files\Utilities">
      <UniqueIdentifier>{f6cafe70-6699-4797-8d5f-c9efb39d21d0}</UniqueIdentifier>
    </Filter>
    <Filter Include="Source Files\Cheats">
      <UniqueIdentifier>{484516c9-1724-4162-a1d5-0c11e76de4b8}</UniqueIdentifier>
    </Filter>
    <Filter Include="Source Files\Cheats\Math">
      <UniqueIdentifier>{26916bbe-a84e-4d0e-904d-cf61617d6f07}</UniqueIdentifier>
    </Filter>
  </ItemGroup>
  <ItemGroup>
    <ClCompile Include="Game\GameFunctions.cpp">
      <Filter>Source Files\Game</Filter>
    </ClCompile>
    <ClCompile Include="Game\HudElems.cpp">
      <Filter>Source Files\Game</Filter>
    </ClCompile>
    <ClCompile Include="Utilities\Detours.cpp">
      <Filter>Source Files\Utilities</Filter>
    </ClCompile>
    <ClCompile Include="Utilities\Utilities.cpp">
      <Filter>Source Files\Utilities</Filter>
    </ClCompile>
    <ClCompile Include="Game\GameStructs.cpp">
      <Filter>Source Files\Game</Filter>
    </ClCompile>
    <ClCompile Include="CheatFunctions.cpp">
      <Filter>Source Files\Cheats</Filter>
    </ClCompile>
    <ClCompile Include="EntryPoint.cpp">
      <Filter>Source Files</Filter>
    </ClCompile>
    <ClCompile Include="Cheats\Math\CheatMath.cpp">
      <Filter>Source Files\Cheats\Math</Filter>
    </ClCompile>
  </ItemGroup>
  <ItemGroup>
    <ClInclude Include="Game\GameFunctions.h">
      <Filter>Source Files\Game</Filter>
    </ClInclude>
    <ClInclude Include="Game\HudElems.h">
      <Filter>Source Files\Game</Filter>
    </ClInclude>
    <ClInclude Include="Utilities\Detours.h">
      <Filter>Source Files\Utilities</Filter>
    </ClInclude>
    <ClInclude Include="Utilities\Kernel.h">
      <Filter>Source Files\Utilities</Filter>
    </ClInclude>
    <ClInclude Include="Utilities\Utilities.h">
      <Filter>Source Files\Utilities</Filter>
    </ClInclude>
    <ClInclude Include="Game\GameStructs.h">
      <Filter>Source Files\Game</Filter>
    </ClInclude>
    <ClInclude Include="Addresses.h">
      <Filter>Source Files\Cheats</Filter>
    </ClInclude>
    <ClInclude Include="CheatMath.h">
      <Filter>Source Files\Cheats\Math</Filter>
    </ClInclude>
    <ClInclude Include="EntryPoint.h">
      <Filter>Source Files</Filter>
    </ClInclude>
    <ClInclude Include="Cheats\Calls.h">
      <Filter>Source Files\Cheats</Filter>
    </ClInclude>
    <ClInclude Include="Cheats\CheatFunctions.h">
      <Filter>Source Files\Cheats</Filter>
    </ClInclude>
  </ItemGroup>
  <ItemGroup>
    <None Include="XexSettings.xml" />
  </ItemGroup>
</Project>